
Microsoft Visual Studio Solution File, Format Version 12.00
# Visual Studio 15
VisualStudioVersion = 15.0.28307.1062
MinimumVisualStudioVersion = 10.0.40219.1
Project("{FAE04EC0-301F-11D3-BF4B-00C04F79EFBC}") = "P_Thesaurus", "P_Thesaurus\P_Thesaurus.csproj", "{6FB4F2AD-94CB-4CD4-80E4-398BB02F4218}"
EndProject
Project("{FAE04EC0-301F-11D3-BF4B-00C04F79EFBC}") = "P_Thesaurus_Tests", "P_Thesaurus_Tests\P_Thesaurus_Tests.csproj", "{AE43F8F3-A756-40B1-BF8A-EC68907B1C05}"
EndProject
Global
	GlobalSection(SolutionConfigurationPlatforms) = preSolution
		Debug|Any CPU = Debug|Any CPU
		Release|Any CPU = Release|Any CPU
	EndGlobalSection
	GlobalSection(ProjectConfigurationPlatforms) = postSolution
		{6FB4F2AD-94CB-4CD4-80E4-398BB02F4218}.Debug|Any CPU.ActiveCfg = Debug|Any CPU
		{6FB4F2AD-94CB-4CD4-80E4-398BB02F4218}.Debug|Any CPU.Build.0 = Debug|Any CPU
		{6FB4F2AD-94CB-4CD4-80E4-398BB02F4218}.Release|Any CPU.ActiveCfg = Release|Any CPU
		{6FB4F2AD-94CB-4CD4-80E4-398BB02F4218}.Release|Any CPU.Build.0 = Release|Any CPU
		{AE43F8F3-A756-40B1-BF8A-EC68907B1C05}.Debug|Any CPU.ActiveCfg = Debug|Any CPU
		{AE43F8F3-A756-40B1-BF8A-EC68907B1C05}.Debug|Any CPU.Build.0 = Debug|Any CPU
		{AE43F8F3-A756-40B1-BF8A-EC68907B1C05}.Release|Any CPU.ActiveCfg = Release|Any CPU
		{AE43F8F3-A756-40B1-BF8A-EC68907B1C05}.Release|Any CPU.Build.0 = Release|Any CPU
	EndGlobalSection
	GlobalSection(SolutionProperties) = preSolution
		HideSolutionNode = FALSE
	EndGlobalSection
	GlobalSection(ExtensibilityGlobals) = postSolution
		SolutionGuid = {E7D139CD-2219-49EB-BAFC-7DC8F32DFAB6}
	EndGlobalSection
EndGlobal
